{
  "name": "ModelX-Final",
  "lockfileVersion": 3,
  "requires": true,
  "packages": {
    "": {
      "dependencies": {
        "@svg-maps/sri-lanka": "^2.0.0"
      }
    },
    "node_modules/@svg-maps/sri-lanka": {
      "version": "2.0.0",
      "resolved": "https://registry.npmjs.org/@svg-maps/sri-lanka/-/sri-lanka-2.0.0.tgz",
      "integrity": "sha512-tOZqt9QazC3g7hcLn5c2I2/QzRKvm3LSZ+FxhZu4FaFf+9xzFOr1zLFxKtgGRHlkHKaJnTBi2A9E0q8YBT/r+Q==",
      "license": "CC-BY-4.0"
    }
  }
}
